{
    "name": "ng2-first-tree",
    "version": "1.1.9",
    "lockfileVersion": 1,
    "requires": true,
    "dependencies": {
        "lodash": {
            "version": "4.17.4",
            "resolved": "https://registry.npmjs.org/lodash/-/lodash-4.17.4.tgz",
            "integrity": "sha1-eCA6TRwyiuHYbcpkYONptX9AVa4="
        },
        "ng2-completer": {
            "version": "1.6.3",
            "resolved": "https://registry.npmjs.org/ng2-completer/-/ng2-completer-1.6.3.tgz",
            "integrity": "sha1-sSyQK3hvaFxrElbdh9dG4qvy5QU="
        }
    }
}
